
Microsoft Visual Studio Solution File, Format Version 12.00
# Visual Studio Version 16
VisualStudioVersion = 16.0.30128.74
MinimumVisualStudioVersion = 10.0.40219.1
Project("{FAE04EC0-301F-11D3-BF4B-00C04F79EFBC}") = "Problem_345", "Problem_345\Problem_345.csproj", "{7EB35959-C5EE-41B1-988C-FEE43D55E2BB}"
EndProject
Global
	GlobalSection(SolutionConfigurationPlatforms) = preSolution
		Debug|Any CPU = Debug|Any CPU
		Release|Any CPU = Release|Any CPU
	EndGlobalSection
	GlobalSection(ProjectConfigurationPlatforms) = postSolution
		{7EB35959-C5EE-41B1-988C-FEE43D55E2BB}.Debug|Any CPU.ActiveCfg = Debug|Any CPU
		{7EB35959-C5EE-41B1-988C-FEE43D55E2BB}.Debug|Any CPU.Build.0 = Debug|Any CPU
		{7EB35959-C5EE-41B1-988C-FEE43D55E2BB}.Release|Any CPU.ActiveCfg = Release|Any CPU
		{7EB35959-C5EE-41B1-988C-FEE43D55E2BB}.Release|Any CPU.Build.0 = Release|Any CPU
	EndGlobalSection
	GlobalSection(SolutionProperties) = preSolution
		HideSolutionNode = FALSE
	EndGlobalSection
	GlobalSection(ExtensibilityGlobals) = postSolution
		SolutionGuid = {D0239D5D-9E08-4BB9-86F7-2582B5C9C58D}
	EndGlobalSection
EndGlobal
